
Microsoft Visual Studio Solution File, Format Version 12.00
# Visual Studio Version 17
VisualStudioVersion = 17.7.34024.191
MinimumVisualStudioVersion = 10.0.40219.1
Project("{FAE04EC0-301F-11D3-BF4B-00C04F79EFBC}") = "Semana04IntroCSharp", "Semana04IntroCSharp\Semana04IntroCSharp.csproj", "{B7EC4985-E5EC-4345-9145-18A14337DB59}"
EndProject
Global
	GlobalSection(SolutionConfigurationPlatforms) = preSolution
		Debug|Any CPU = Debug|Any CPU
		Release|Any CPU = Release|Any CPU
	EndGlobalSection
	GlobalSection(ProjectConfigurationPlatforms) = postSolution
		{B7EC4985-E5EC-4345-9145-18A14337DB59}.Debug|Any CPU.ActiveCfg = Debug|Any CPU
		{B7EC4985-E5EC-4345-9145-18A14337DB59}.Debug|Any CPU.Build.0 = Debug|Any CPU
		{B7EC4985-E5EC-4345-9145-18A14337DB59}.Release|Any CPU.ActiveCfg = Release|Any CPU
		{B7EC4985-E5EC-4345-9145-18A14337DB59}.Release|Any CPU.Build.0 = Release|Any CPU
	EndGlobalSection
	GlobalSection(SolutionProperties) = preSolution
		HideSolutionNode = FALSE
	EndGlobalSection
	GlobalSection(ExtensibilityGlobals) = postSolution
		SolutionGuid = {E6CD8AD1-D2A6-413B-B20D-CDB84F2BA8D7}
	EndGlobalSection
EndGlobal
